{
  "name": "algolia-tedtalks-demo",
  "version": "1.0.0",
  "lockfileVersion": 1,
  "requires": true,
  "dependencies": {
    "@algolia/cache-browser-local-storage": {
      "version": "4.5.1",
      "resolved": "https://registry.npmjs.org/@algolia/cache-browser-local-storage/-/cache-browser-local-storage-4.5.1.tgz",
      "integrity": "sha512-TAQHRHaCUAR0bNhUHG0CnO6FTx3EMPwZQrjPuNS6kHvCQ/H8dVD0sLsHyM8C7U4j33xPQCWi9TBnSx8cYXNmNw==",
      "requires": {
        "@algolia/cache-common": "4.5.1"
      }
    },
    "@algolia/cache-common": {
      "version": "4.5.1",
      "resolved": "https://registry.npmjs.org/@algolia/cache-common/-/cache-common-4.5.1.tgz",
      "integrity": "sha512-Sux+pcedQi9sfScIiQdl6pEaTVl712qM9OblvDhnaeF1v6lf4jyTlRTiBLP7YBLuvO1Yo54W3maf03kmz9PVhA=="
    },
    "@algolia/cache-in-memory": {
      "version": "4.5.1",
      "resolved": "https://registry.npmjs.org/@algolia/cache-in-memory/-/cache-in-memory-4.5.1.tgz",
      "integrity": "sha512-fzwAtBFwveuG+E5T/namChEIvdVl0DoV3djV1C078b/JpO5+DeAwuXIJGYbyl950u170n5NEYuIwYG+R6h4lJQ==",
      "requires": {
        "@algolia/cache-common": "4.5.1"
      }
    },
    "@algolia/client-account": {
      "version": "4.5.1",
      "resolved": "https://registry.npmjs.org/@algolia/client-account/-/client-account-4.5.1.tgz",
      "integrity": "sha512-2WFEaI7Zf4ljnBsSAS4e+YylZ5glovm78xFg4E1JKA8PE6M+TeIgUY6HO2ouLh2dqQKxc9UfdAT1Loo/dha2iQ==",
      "requires": {
        "@algolia/client-common": "4.5.1",
        "@algolia/client-search": "4.5.1",
        "@algolia/transporter": "4.5.1"
      }
    },
    "@algolia/client-analytics": {
      "version": "4.5.1",
      "resolved": "https://registry.npmjs.org/@algolia/client-analytics/-/client-analytics-4.5.1.tgz",
      "integrity": "sha512-bTmZUU8zhZMWBeGEQ/TVqLoL3OOT0benU0HtS3iOnQURwb+AOCv3RsgZvkj2djp+M24Q6P8/L34uBJMmCurbLg==",
      "requires": {
        "@algolia/client-common": "4.5.1",
        "@algolia/client-search": "4.5.1",
        "@algolia/requester-common": "4.5.1",
        "@algolia/transporter": "4.5.1"
      }
    },
    "@algolia/client-common": {
      "version": "4.5.1",
      "resolved": "https://registry.npmjs.org/@algolia/client-common/-/client-common-4.5.1.tgz",
      "integrity": "sha512-5CpIf8IK1hke7q+N4e+A4TWdFXVJ5Qwyaa0xS84DrDO8HQ7vfYbDvG1oYa9hVEtGn6c3WVKPAvuWynK+fXQQCA==",
      "requires": {
        "@algolia/requester-common": "4.5.1",
        "@algolia/transporter": "4.5.1"
      }
    },
    "@algolia/client-recommendation": {
      "version": "4.5.1",
      "resolved": "https://registry.npmjs.org/@algolia/client-recommendation/-/client-recommendation-4.5.1.tgz",
      "integrity": "sha512-GiFrNSImoEBUQICjFBEoxPGzrjWji8PY9GeMg2CNvOYcRQ0Xt0Y36v9GN53NLjvB7QdQ2FlE1Cuv/PLUfS/aQQ==",
      "requires": {
        "@algolia/client-common": "4.5.1",
        "@algolia/requester-common": "4.5.1",
        "@algolia/transporter": "4.5.1"
      }
    },
    "@algolia/client-search": {
      "version": "4.5.1",
      "resolved": "https://registry.npmjs.org/@algolia/client-search/-/client-search-4.5.1.tgz",
      "integrity": "sha512-wjuOTte9Auo9Cg4fL0709PjeJ9rXFh4okYUrOt/2SWqQid6DSdZOp+BtyaHKV3E94sj+SlmMxkMUacYluYg5zA==",
      "requires": {
        "@algolia/client-common": "4.5.1",
        "@algolia/requester-common": "4.5.1",
        "@algolia/transporter": "4.5.1"
      }
    },
    "@algolia/logger-common": {
      "version": "4.5.1",
      "resolved": "https://registry.npmjs.org/@algolia/logger-common/-/logger-common-4.5.1.tgz",
      "integrity": "sha512-ZoVnGriinlLHlkvn5K7djOUn1/1IeTjU8rDzOJ3t06T+2hQytgJghaX7rSwKIeH4CjWMy61w8jLisuGJRBOEeg=="
    },
    "@algolia/logger-console": {
      "version": "4.5.1",
      "resolved": "https://registry.npmjs.org/@algolia/logger-console/-/logger-console-4.5.1.tgz",
      "integrity": "sha512-1qa7K18+uAgxyWuguayaDS5ViiZFcOjI3J5ACBb0i/n7RsXUo149lP6mwmx6TIU7s135hT0f0TCqnvfMvN1ilA==",
      "requires": {
        "@algolia/logger-common": "4.5.1"
      }
    },
    "@algolia/requester-browser-xhr": {
      "version": "4.5.1",
      "resolved": "https://registry.npmjs.org/@algolia/requester-browser-xhr/-/requester-browser-xhr-4.5.1.tgz",
      "integrity": "sha512-tsQz+9pZw9dwPm/wMvZDpsWFZgmghLjXi4c3O4rfwoP/Ikum5fhle5fiR14yb4Lw4WlOQ1AJIHJvrg1qLIG8hQ==",
      "requires": {
        "@algolia/requester-common": "4.5.1"
      }
    },
    "@algolia/requester-common": {
      "version": "4.5.1",
      "resolved": "https://registry.npmjs.org/@algolia/requester-common/-/requester-common-4.5.1.tgz",
      "integrity": "sha512-bPCiLvhHKXaka7f5FLtheChToz0yHVhvza64naFJRRh/3kC0nvyrvQ0ogjiydiSrGIfdNDyyTVfKGdk4gS5gyA=="
    },
    "@algolia/requester-node-http": {
      "version": "4.5.1",
      "resolved": "https://registry.npmjs.org/@algolia/requester-node-http/-/requester-node-http-4.5.1.tgz",
      "integrity": "sha512-BfFc2h9eQOKu1gGs3DtQO7GrVZW/rxUgpJVLja4UVQyGplJyTCrFgkTyfl+8rb3MkNgA/S2LNo7cKNSPfpqeAQ==",
      "requires": {
        "@algolia/requester-common": "4.5.1"
      }
    },
    "@algolia/transporter": {
      "version": "4.5.1",
      "resolved": "https://registry.npmjs.org/@algolia/transporter/-/transporter-4.5.1.tgz",
      "integrity": "sha512-asPDNToDAPhH0tM6qKGTn1l0wTlNUbekpa1ifZ6v+qhSjo3VdqGyp+2VeciJOBW/wVHXh3HUbAcycvLERRlCLg==",
      "requires": {
        "@algolia/cache-common": "4.5.1",
        "@algolia/logger-common": "4.5.1",
        "@algolia/requester-common": "4.5.1"
      }
    },
    "@types/googlemaps": {
      "version": "3.39.13",
      "resolved": "https://registry.npmjs.org/@types/googlemaps/-/googlemaps-3.39.13.tgz",
      "integrity": "sha512-R/k5WKe8zQHo9oFRINuX/1haKYRkKEfItnBGrSjspbXXITakRdsj6daQIdL1+Pt84lnzduWurxNA5k0fgPMQUg=="
    },
    "abbrev": {
      "version": "1.1.1",
      "resolved": "https://registry.npmjs.org/abbrev/-/abbrev-1.1.1.tgz",
      "integrity": "sha512-nne9/IiQ/hzIhY6pdDnbBtz7DjPTKrY00P/zvPSm5pOFkl6xuGrGnXn/VtTNNfNtAfZ9/1RtehkszU9qcTii0Q=="
    },
    "algoliasearch": {
      "version": "4.5.1",
      "resolved": "https://registry.npmjs.org/algoliasearch/-/algoliasearch-4.5.1.tgz",
      "integrity": "sha512-b6yT1vWMlBdVObQipKxvt0M6SEvGetVj+FFFlo0Fy06gkdj6WCJaS4t10Q/hC3I2VG9QmpCqlK3Esgg1y1E+uw==",
      "requires": {
        "@algolia/cache-browser-local-storage": "4.5.1",
        "@algolia/cache-common": "4.5.1",
        "@algolia/cache-in-memory": "4.5.1",
        "@algolia/client-account": "4.5.1",
        "@algolia/client-analytics": "4.5.1",
        "@algolia/client-common": "4.5.1",
        "@algolia/client-recommendation": "4.5.1",
        "@algolia/client-search": "4.5.1",
        "@algolia/logger-common": "4.5.1",
        "@algolia/logger-console": "4.5.1",
        "@algolia/requester-browser-xhr": "4.5.1",
        "@algolia/requester-common": "4.5.1",
        "@algolia/requester-node-http": "4.5.1",
        "@algolia/transporter": "4.5.1"
      }
    },
    "algoliasearch-helper": {
      "version": "3.2.2",
      "resolved": "https://registry.npmjs.org/algoliasearch-helper/-/algoliasearch-helper-3.2.2.tgz",
      "integrity": "sha512-/3XvE33R+gQKaiPdy3nmHYqhF8hqIu8xnlOicVxb1fD6uMFmxW8rGLzzrRfsPfxgAfm+c1NslLb3TzQVIB8aVA==",
      "requires": {
        "events": "^1.1.1"
      }
    },
    "classnames": {
      "version": "2.2.6",
      "resolved": "https://registry.npmjs.org/classnames/-/classnames-2.2.6.tgz",
      "integrity": "sha512-JR/iSQOSt+LQIWwrwEzJ9uk0xfN3mTVYMwt1Ir5mUcSN6pU+V4zQFFaJsclJbPuAUQH+yfWef6tm7l1quW3C8Q=="
    },
    "desandro-matches-selector": {
      "version": "2.0.2",
      "resolved": "https://registry.npmjs.org/desandro-matches-selector/-/desandro-matches-selector-2.0.2.tgz",
      "integrity": "sha1-cXvu1NwT59jzdi9wem1YpndCGOE="
    },
    "ev-emitter": {
      "version": "1.1.1",
      "resolved": "https://registry.npmjs.org/ev-emitter/-/ev-emitter-1.1.1.tgz",
      "integrity": "sha512-ipiDYhdQSCZ4hSbX4rMW+XzNKMD1prg/sTvoVmSLkuQ1MVlwjJQQA+sW8tMYR3BLUr9KjodFV4pvzunvRhd33Q=="
    },
    "events": {
      "version": "1.1.1",
      "resolved": "https://registry.npmjs.org/events/-/events-1.1.1.tgz",
      "integrity": "sha1-nr23Y1rQmccNzEwqH1AEKI6L2SQ="
    },
    "fizzy-ui-utils": {
      "version": "2.0.7",
      "resolved": "https://registry.npmjs.org/fizzy-ui-utils/-/fizzy-ui-utils-2.0.7.tgz",
      "integrity": "sha512-CZXDVXQ1If3/r8s0T+v+qVeMshhfcuq0rqIFgJnrtd+Bu8GmDmqMjntjUePypVtjHXKJ6V4sw9zeyox34n9aCg==",
      "requires": {
        "desandro-matches-selector": "^2.0.0"
      }
    },
    "get-size": {
      "version": "2.0.3",
      "resolved": "https://registry.npmjs.org/get-size/-/get-size-2.0.3.tgz",
      "integrity": "sha512-lXNzT/h/dTjTxRbm9BXb+SGxxzkm97h/PCIKtlN/CBCxxmkkIVV21udumMS93MuVTDX583gqc94v3RjuHmI+2Q=="
    },
    "hogan.js": {
      "version": "3.0.2",
      "resolved": "https://registry.npmjs.org/hogan.js/-/hogan.js-3.0.2.tgz",
      "integrity": "sha1-TNnhq9QpQUbnZ55B14mHMrAse/0=",
      "requires": {
        "mkdirp": "0.3.0",
        "nopt": "1.0.10"
      }
    },
    "instantsearch.js": {
      "version": "4.8.1",
      "resolved": "https://registry.npmjs.org/instantsearch.js/-/instantsearch.js-4.8.1.tgz",
      "integrity": "sha512-87WgFPBgYTQ1dW45+rdmo1d3KM9AcoDZDvhvxUoO8jaj3jUm8bhgJQPv0/r2POKRRtCppcIPDReUWyY7xf7IUg==",
      "requires": {
        "@types/googlemaps": "^3.39.6",
        "algoliasearch-helper": "^3.2.2",
        "classnames": "^2.2.5",
        "events": "^1.1.0",
        "hogan.js": "^3.0.2",
        "preact": "^10.0.0",
        "prop-types": "^15.5.10",
        "qs": "^6.5.1"
      }
    },
    "isotope-layout": {
      "version": "3.0.6",
      "resolved": "https://registry.npmjs.org/isotope-layout/-/isotope-layout-3.0.6.tgz",
      "integrity": "sha512-z2ZKablhocXhoNyWwzJPFd7u7FWbYbVJA51Nvsqsod8jH2ExGc1SwDsSWKE54e3PhXzqf2yZPhFSq/c2MR1arw==",
      "requires": {
        "desandro-matches-selector": "^2.0.0",
        "fizzy-ui-utils": "^2.0.4",
        "get-size": "^2.0.0",
        "masonry-layout": "^4.1.0",
        "outlayer": "^2.1.0"
      }
    },
    "js-tokens": {
      "version": "4.0.0",
      "resolved": "https://registry.npmjs.org/js-tokens/-/js-tokens-4.0.0.tgz",
      "integrity": "sha512-RdJUflcE3cUzKiMqQgsCu06FPu9UdIJO0beYbPhHN4k6apgJtifcoCtT9bcxOpYBtpD2kCM6Sbzg4CausW/PKQ=="
    },
    "loose-envify": {
      "version": "1.4.0",
      "resolved": "https://registry.npmjs.org/loose-envify/-/loose-envify-1.4.0.tgz",
      "integrity": "sha512-lyuxPGr/Wfhrlem2CL/UcnUc1zcqKAImBDzukY7Y5F/yQiNdko6+fRLevlw1HgMySw7f611UIY408EtxRSoK3Q==",
      "requires": {
        "js-tokens": "^3.0.0 || ^4.0.0"
      }
    },
    "masonry-layout": {
      "version": "4.2.2",
      "resolved": "https://registry.npmjs.org/masonry-layout/-/masonry-layout-4.2.2.tgz",
      "integrity": "sha512-iGtAlrpHNyxaR19CvKC3npnEcAwszXoyJiI8ARV2ePi7fmYhIud25MHK8Zx4P0LCC4d3TNO9+rFa1KoK1OEOaA==",
      "requires": {
        "get-size": "^2.0.2",
        "outlayer": "^2.1.0"
      }
    },
    "mkdirp": {
      "version": "0.3.0",
      "resolved": "https://registry.npmjs.org/mkdirp/-/mkdirp-0.3.0.tgz",
      "integrity": "sha1-G79asbqCevI1dRQ0kEJkVfSB/h4="
    },
    "moment": {
      "version": "2.28.0",
      "resolved": "https://registry.npmjs.org/moment/-/moment-2.28.0.tgz",
      "integrity": "sha512-Z5KOjYmnHyd/ukynmFd/WwyXHd7L4J9vTI/nn5Ap9AVUgaAE15VvQ9MOGmJJygEUklupqIrFnor/tjTwRU+tQw=="
    },
    "momentjs": {
      "version": "2.0.0",
      "resolved": "https://registry.npmjs.org/momentjs/-/momentjs-2.0.0.tgz",
      "integrity": "sha1-c9+QS0+kGPbjxgXoMc727VUY69Q="
    },
    "nopt": {
      "version": "1.0.10",
      "resolved": "https://registry.npmjs.org/nopt/-/nopt-1.0.10.tgz",
      "integrity": "sha1-bd0hvSoxQXuScn3Vhfim83YI6+4=",
      "requires": {
        "abbrev": "1"
      }
    },
    "object-assign": {
      "version": "4.1.1",
      "resolved": "https://registry.npmjs.org/object-assign/-/object-assign-4.1.1.tgz",
      "integrity": "sha1-IQmtx5ZYh8/AXLvUQsrIv7s2CGM="
    },
    "outlayer": {
      "version": "2.1.1",
      "resolved": "https://registry.npmjs.org/outlayer/-/outlayer-2.1.1.tgz",
      "integrity": "sha1-KYY7beEOpdrf/8rfoNcokHOH6aI=",
      "requires": {
        "ev-emitter": "^1.0.0",
        "fizzy-ui-utils": "^2.0.0",
        "get-size": "^2.0.2"
      }
    },
    "preact": {
      "version": "10.4.8",
      "resolved": "https://registry.npmjs.org/preact/-/preact-10.4.8.tgz",
      "integrity": "sha512-uVLeEAyRsCkUEFhVHlOu17OxcrwC7+hTGZ08kBoLBiGHiZooUZuibQnphgMKftw/rqYntNMyhVCPqQhcyAGHag=="
    },
    "prop-types": {
      "version": "15.7.2",
      "resolved": "https://registry.npmjs.org/prop-types/-/prop-types-15.7.2.tgz",
      "integrity": "sha512-8QQikdH7//R2vurIJSutZ1smHYTcLpRWEOlHnzcWHmBYrOGUysKwSsrC89BCiFj3CbrfJ/nXFdJepOVrY1GCHQ==",
      "requires": {
        "loose-envify": "^1.4.0",
        "object-assign": "^4.1.1",
        "react-is": "^16.8.1"
      }
    },
    "qs": {
      "version": "6.9.4",
      "resolved": "https://registry.npmjs.org/qs/-/qs-6.9.4.tgz",
      "integrity": "sha512-A1kFqHekCTM7cz0udomYUoYNWjBebHm/5wzU/XqrBRBNWectVH0QIiN+NEcZ0Dte5hvzHwbr8+XQmguPhJ6WdQ=="
    },
    "react-is": {
      "version": "16.13.1",
      "resolved": "https://registry.npmjs.org/react-is/-/react-is-16.13.1.tgz",
      "integrity": "sha512-24e6ynE2H+OKt4kqsOvNd8kBpV65zoxbA4BVsEOB3ARVWQki/DHzaUoC5KuON/BiccDaCCTZBuOcfZs70kR8bQ=="
    }
  }
}
